// !$*UTF8*$!
{
	archiveVersion = 1;
	classes = {
	};
	objectVersion = 50;
	objects = {

/* Begin PBXBuildFile section */
		3DC2EB7321A693B40073225F /* AppDelegate.m in Sources */ = {isa = PBXBuildFile; fileRef = 3DC2EB7221A693B40073225F /* AppDelegate.m */; };
		3DC2EB7621A693B40073225F /* ViewController.m in Sources */ = {isa = PBXBuildFile; fileRef = 3DC2EB7521A693B40073225F /* ViewController.m */; };
		3DC2EB7921A693B40073225F /* Main.storyboard in Resources */ = {isa = PBXBuildFile; fileRef = 3DC2EB7721A693B40073225F /* Main.storyboard */; };
		3DC2EB7B21A693BA0073225F /* Assets.xcassets in Resources */ = {isa = PBXBuildFile; fileRef = 3DC2EB7A21A693BA0073225F /* Assets.xcassets */; };
		3DC2EB7E21A693BA0073225F /* LaunchScreen.storyboard in Resources */ = {isa = PBXBuildFile; fileRef = 3DC2EB7C21A693BA0073225F /* LaunchScreen.storyboard */; };
		3DC2EB8121A693BA0073225F /* main.m in Sources */ = {isa = PBXBuildFile; fileRef = 3DC2EB8021A693BA0073225F /* main.m */; };
		3DC2EB9021A69DA50073225F /* MyChat.h in Headers */ = {isa = PBXBuildFile; fileRef = 3DC2EB8E21A69DA50073225F /* MyChat.h */; settings = {ATTRIBUTES = (Public, ); }; };
		3DC2EB9321A69DA50073225F /* MyChat.framework in Frameworks */ = {isa = PBXBuildFile; fileRef = 3DC2EB8C21A69DA50073225F /* MyChat.framework */; };
		3DC2EB9421A69DA50073225F /* MyChat.framework in Embed Frameworks */ = {isa = PBXBuildFile; fileRef = 3DC2EB8C21A69DA50073225F /* MyChat.framework */; settings = {ATTRIBUTES = (CodeSignOnCopy, RemoveHeadersOnCopy, ); }; };
		3DC2EC9121A69EAB0073225F /* UIConfiguration.swift in Sources */ = {isa = PBXBuildFile; fileRef = 3DC2EC3621A69EA80073225F /* UIConfiguration.swift */; };
		3DC2EC9221A69EAB0073225F /* QiscusTextConfiguration.swift in Sources */ = {isa = PBXBuildFile; fileRef = 3DC2EC3721A69EA80073225F /* QiscusTextConfiguration.swift */; };
		3DC2EC9321A69EAB0073225F /* ColorConfiguration.swift in Sources */ = {isa = PBXBuildFile; fileRef = 3DC2EC3821A69EA80073225F /* ColorConfiguration.swift */; };
		3DC2EC9421A69EAB0073225F /* AssetsConfiguration.swift in Sources */ = {isa = PBXBuildFile; fileRef = 3DC2EC3921A69EA80073225F /* AssetsConfiguration.swift */; };
		3DC2EC9521A69EAB0073225F /* ChatViewController.swift in Sources */ = {isa = PBXBuildFile; fileRef = 3DC2EC3B21A69EA90073225F /* ChatViewController.swift */; };
		3DC2EC9621A69EAB0073225F /* QCarouselCardCell.swift in Sources */ = {isa = PBXBuildFile; fileRef = 3DC2EC3E21A69EA90073225F /* QCarouselCardCell.swift */; };
		3DC2EC9721A69EAB0073225F /* QCarouselCardCell.xib in Resources */ = {isa = PBXBuildFile; fileRef = 3DC2EC3F21A69EA90073225F /* QCarouselCardCell.xib */; };
		3DC2EC9821A69EAB0073225F /* QCarouselCell.xib in Resources */ = {isa = PBXBuildFile; fileRef = 3DC2EC4021A69EA90073225F /* QCarouselCell.xib */; };
		3DC2EC9921A69EAB0073225F /* QCarouselCell.swift in Sources */ = {isa = PBXBuildFile; fileRef = 3DC2EC4121A69EA90073225F /* QCarouselCell.swift */; };
		3DC2EC9A21A69EAB0073225F /* QPostbackLeftCell.xib in Resources */ = {isa = PBXBuildFile; fileRef = 3DC2EC4221A69EA90073225F /* QPostbackLeftCell.xib */; };
		3DC2EC9B21A69EAB0073225F /* QTextLeftCell.xib in Resources */ = {isa = PBXBuildFile; fileRef = 3DC2EC4421A69EA90073225F /* QTextLeftCell.xib */; };
		3DC2EC9C21A69EAB0073225F /* QTextRightCell.xib in Resources */ = {isa = PBXBuildFile; fileRef = 3DC2EC4521A69EA90073225F /* QTextRightCell.xib */; };
		3DC2EC9D21A69EAB0073225F /* QTextLeftCell.swift in Sources */ = {isa = PBXBuildFile; fileRef = 3DC2EC4621A69EA90073225F /* QTextLeftCell.swift */; };
		3DC2EC9E21A69EAB0073225F /* QTextRightCell.swift in Sources */ = {isa = PBXBuildFile; fileRef = 3DC2EC4721A69EA90073225F /* QTextRightCell.swift */; };
		3DC2EC9F21A69EAB0073225F /* QImageLeftCell.swift in Sources */ = {isa = PBXBuildFile; fileRef = 3DC2EC4921A69EA90073225F /* QImageLeftCell.swift */; };
		3DC2ECA021A69EAB0073225F /* QImageLeftCell.xib in Resources */ = {isa = PBXBuildFile; fileRef = 3DC2EC4A21A69EA90073225F /* QImageLeftCell.xib */; };
		3DC2ECA121A69EAB0073225F /* QImageRightCell.xib in Resources */ = {isa = PBXBuildFile; fileRef = 3DC2EC4B21A69EA90073225F /* QImageRightCell.xib */; };
		3DC2ECA221A69EAB0073225F /* QImageRightCell.swift in Sources */ = {isa = PBXBuildFile; fileRef = 3DC2EC4C21A69EA90073225F /* QImageRightCell.swift */; };
		3DC2ECA321A69EAB0073225F /* QSystemCell.xib in Resources */ = {isa = PBXBuildFile; fileRef = 3DC2EC4D21A69EA90073225F /* QSystemCell.xib */; };
		3DC2ECA421A69EAB0073225F /* QPostbackLeftCell.swift in Sources */ = {isa = PBXBuildFile; fileRef = 3DC2EC4E21A69EA90073225F /* QPostbackLeftCell.swift */; };
		3DC2ECA521A69EAB0073225F /* QLocationLeftCell.xib in Resources */ = {isa = PBXBuildFile; fileRef = 3DC2EC5021A69EA90073225F /* QLocationLeftCell.xib */; };
		3DC2ECA621A69EAB0073225F /* QLocationRightCell.swift in Sources */ = {isa = PBXBuildFile; fileRef = 3DC2EC5121A69EA90073225F /* QLocationRightCell.swift */; };
		3DC2ECA721A69EAB0073225F /* QLocationRightCell.xib in Resources */ = {isa = PBXBuildFile; fileRef = 3DC2EC5221A69EA90073225F /* QLocationRightCell.xib */; };
		3DC2ECA821A69EAB0073225F /* QLocationLeftCell.swift in Sources */ = {isa = PBXBuildFile; fileRef = 3DC2EC5321A69EA90073225F /* QLocationLeftCell.swift */; };
		3DC2ECA921A69EAB0073225F /* QAudioLeftCell.xib in Resources */ = {isa = PBXBuildFile; fileRef = 3DC2EC5521A69EA90073225F /* QAudioLeftCell.xib */; };
		3DC2ECAA21A69EAB0073225F /* QAudioLeftCell.swift in Sources */ = {isa = PBXBuildFile; fileRef = 3DC2EC5621A69EA90073225F /* QAudioLeftCell.swift */; };
		3DC2ECAB21A69EAB0073225F /* QAudioRightCell.swift in Sources */ = {isa = PBXBuildFile; fileRef = 3DC2EC5721A69EA90073225F /* QAudioRightCell.swift */; };
		3DC2ECAC21A69EAB0073225F /* QAudioRightCell.xib in Resources */ = {isa = PBXBuildFile; fileRef = 3DC2EC5821A69EA90073225F /* QAudioRightCell.xib */; };
		3DC2ECAD21A69EAB0073225F /* QMediaLeftCell.swift in Sources */ = {isa = PBXBuildFile; fileRef = 3DC2EC5A21A69EA90073225F /* QMediaLeftCell.swift */; };
		3DC2ECAE21A69EAB0073225F /* QMediaLeftCell.xib in Resources */ = {isa = PBXBuildFile; fileRef = 3DC2EC5B21A69EA90073225F /* QMediaLeftCell.xib */; };
		3DC2ECAF21A69EAB0073225F /* QSystemCell.swift in Sources */ = {isa = PBXBuildFile; fileRef = 3DC2EC5C21A69EA90073225F /* QSystemCell.swift */; };
		3DC2ECB021A69EAB0073225F /* QContactRightCell.xib in Resources */ = {isa = PBXBuildFile; fileRef = 3DC2EC5E21A69EA90073225F /* QContactRightCell.xib */; };
		3DC2ECB121A69EAB0073225F /* QContactLeftCell.swift in Sources */ = {isa = PBXBuildFile; fileRef = 3DC2EC5F21A69EA90073225F /* QContactLeftCell.swift */; };
		3DC2ECB221A69EAB0073225F /* QContactRightCell.swift in Sources */ = {isa = PBXBuildFile; fileRef = 3DC2EC6021A69EA90073225F /* QContactRightCell.swift */; };
		3DC2ECB321A69EAB0073225F /* QContactLeftCell.xib in Resources */ = {isa = PBXBuildFile; fileRef = 3DC2EC6121A69EA90073225F /* QContactLeftCell.xib */; };
		3DC2ECB421A69EAB0073225F /* QReplyLeftCell.xib in Resources */ = {isa = PBXBuildFile; fileRef = 3DC2EC6321A69EA90073225F /* QReplyLeftCell.xib */; };
		3DC2ECB521A69EAB0073225F /* QReplyRightCell.xib in Resources */ = {isa = PBXBuildFile; fileRef = 3DC2EC6421A69EA90073225F /* QReplyRightCell.xib */; };
		3DC2ECB621A69EAB0073225F /* QReplyLeftCell.swift in Sources */ = {isa = PBXBuildFile; fileRef = 3DC2EC6521A69EA90073225F /* QReplyLeftCell.swift */; };
		3DC2ECB721A69EAB0073225F /* QReplyRightCell.swift in Sources */ = {isa = PBXBuildFile; fileRef = 3DC2EC6621A69EA90073225F /* QReplyRightCell.swift */; };
		3DC2ECB821A69EAB0073225F /* QUIBaseChatCell.swift in Sources */ = {isa = PBXBuildFile; fileRef = 3DC2EC6721A69EA90073225F /* QUIBaseChatCell.swift */; };
		3DC2ECB921A69EAB0073225F /* QDocumentLeftCell.xib in Resources */ = {isa = PBXBuildFile; fileRef = 3DC2EC6921A69EA90073225F /* QDocumentLeftCell.xib */; };
		3DC2ECBA21A69EAB0073225F /* QDocumentLeftCell.swift in Sources */ = {isa = PBXBuildFile; fileRef = 3DC2EC6A21A69EA90073225F /* QDocumentLeftCell.swift */; };
		3DC2ECBB21A69EAB0073225F /* QDocumentRightCell.swift in Sources */ = {isa = PBXBuildFile; fileRef = 3DC2EC6B21A69EA90073225F /* QDocumentRightCell.swift */; };
		3DC2ECBC21A69EAB0073225F /* QDocumentRightCell.xib in Resources */ = {isa = PBXBuildFile; fileRef = 3DC2EC6C21A69EA90073225F /* QDocumentRightCell.xib */; };
		3DC2ECBD21A69EAB0073225F /* ChatPreviewDocVC.xib in Resources */ = {isa = PBXBuildFile; fileRef = 3DC2EC6D21A69EA90073225F /* ChatPreviewDocVC.xib */; };
		3DC2ECBE21A69EAB0073225F /* ChatViewController.xib in Resources */ = {isa = PBXBuildFile; fileRef = 3DC2EC6E21A69EA90073225F /* ChatViewController.xib */; };
		3DC2ECBF21A69EAB0073225F /* ChatPreviewDocVC.swift in Sources */ = {isa = PBXBuildFile; fileRef = 3DC2EC6F21A69EA90073225F /* ChatPreviewDocVC.swift */; };
		3DC2ECC021A69EAB0073225F /* MultipleImageCell.xib in Resources */ = {isa = PBXBuildFile; fileRef = 3DC2EC7121A69EA90073225F /* MultipleImageCell.xib */; };
		3DC2ECC121A69EAB0073225F /* QiscusUploaderVC.xib in Resources */ = {isa = PBXBuildFile; fileRef = 3DC2EC7221A69EA90073225F /* QiscusUploaderVC.xib */; };
		3DC2ECC221A69EAB0073225F /* MultipleImageCell.swift in Sources */ = {isa = PBXBuildFile; fileRef = 3DC2EC7321A69EA90073225F /* MultipleImageCell.swift */; };
		3DC2ECC321A69EAB0073225F /* QiscusUploaderVC.swift in Sources */ = {isa = PBXBuildFile; fileRef = 3DC2EC7421A69EA90073225F /* QiscusUploaderVC.swift */; };
		3DC2ECC421A69EAB0073225F /* Date.swift in Sources */ = {isa = PBXBuildFile; fileRef = 3DC2EC7621A69EA90073225F /* Date.swift */; };
		3DC2ECC521A69EAB0073225F /* UIView.swift in Sources */ = {isa = PBXBuildFile; fileRef = 3DC2EC7721A69EA90073225F /* UIView.swift */; };
		3DC2ECC621A69EAB0073225F /* ViewController.swift in Sources */ = {isa = PBXBuildFile; fileRef = 3DC2EC7821A69EA90073225F /* ViewController.swift */; };
		3DC2ECC721A69EAB0073225F /* NavigationBar.swift in Sources */ = {isa = PBXBuildFile; fileRef = 3DC2EC7921A69EA90073225F /* NavigationBar.swift */; };
		3DC2ECC821A69EAB0073225F /* Background.swift in Sources */ = {isa = PBXBuildFile; fileRef = 3DC2EC7A21A69EA90073225F /* Background.swift */; };
		3DC2ECC921A69EAB0073225F /* QExtensionUICore.swift in Sources */ = {isa = PBXBuildFile; fileRef = 3DC2EC7B21A69EA90073225F /* QExtensionUICore.swift */; };
		3DC2ECCA21A69EAB0073225F /* UIImage.swift in Sources */ = {isa = PBXBuildFile; fileRef = 3DC2EC7C21A69EA90073225F /* UIImage.swift */; };
		3DC2ECCB21A69EAB0073225F /* CommentModel.swift in Sources */ = {isa = PBXBuildFile; fileRef = 3DC2EC7E21A69EA90073225F /* CommentModel.swift */; };
		3DC2ECCC21A69EAB0073225F /* CardCommentModel.swift in Sources */ = {isa = PBXBuildFile; fileRef = 3DC2EC7F21A69EA90073225F /* CardCommentModel.swift */; };
		3DC2ECCD21A69EAB0073225F /* CustomChatListCell.xib in Resources */ = {isa = PBXBuildFile; fileRef = 3DC2EC8121A69EA90073225F /* CustomChatListCell.xib */; };
		3DC2ECCE21A69EAB0073225F /* ChatListViewController.swift in Sources */ = {isa = PBXBuildFile; fileRef = 3DC2EC8221A69EA90073225F /* ChatListViewController.swift */; };
		3DC2ECCF21A69EAB0073225F /* CustomChatListCell.swift in Sources */ = {isa = PBXBuildFile; fileRef = 3DC2EC8321A69EA90073225F /* CustomChatListCell.swift */; };
		3DC2ECD021A69EAB0073225F /* CustomChatInput.swift in Sources */ = {isa = PBXBuildFile; fileRef = 3DC2EC8521A69EA90073225F /* CustomChatInput.swift */; };
		3DC2ECD121A69EAB0073225F /* CustomChatInput.xib in Resources */ = {isa = PBXBuildFile; fileRef = 3DC2EC8621A69EA90073225F /* CustomChatInput.xib */; };
		3DC2ECD221A69EAB0073225F /* Assets.xcassets in Resources */ = {isa = PBXBuildFile; fileRef = 3DC2EC8721A69EAB0073225F /* Assets.xcassets */; };
		3DC2ECD321A69EAB0073225F /* QPopUpView.swift in Sources */ = {isa = PBXBuildFile; fileRef = 3DC2EC8921A69EAB0073225F /* QPopUpView.swift */; };
		3DC2ECD421A69EAB0073225F /* QPopUpView.xib in Resources */ = {isa = PBXBuildFile; fileRef = 3DC2EC8A21A69EAB0073225F /* QPopUpView.xib */; };
		3DC2ECD521A69EAB0073225F /* QCardButton.swift in Sources */ = {isa = PBXBuildFile; fileRef = 3DC2EC8B21A69EAB0073225F /* QCardButton.swift */; };
		3DC2ECD621A69EAB0073225F /* LaunchScreen.storyboard in Resources */ = {isa = PBXBuildFile; fileRef = 3DC2EC8D21A69EAB0073225F /* LaunchScreen.storyboard */; };
		3DC2ECD721A69EAB0073225F /* Main.storyboard in Resources */ = {isa = PBXBuildFile; fileRef = 3DC2EC8F21A69EAB0073225F /* Main.storyboard */; };
		856E82139A61C679224B7FFA /* Pods_Example_Objc.framework in Frameworks */ = {isa = PBXBuildFile; fileRef = 90A3E6EEC2939AFE86203A9A /* Pods_Example_Objc.framework */; };
/* End PBXBuildFile section */

/* Begin PBXContainerItemProxy section */
		3DC2EB9121A69DA50073225F /* PBXContainerItemProxy */ = {
			isa = PBXContainerItemProxy;
			containerPortal = 3DC2EB6621A693B40073225F /* Project object */;
			proxyType = 1;
			remoteGlobalIDString = 3DC2EB8B21A69DA50073225F;
			remoteInfo = MyChat;
		};
/* End PBXContainerItemProxy section */

/* Begin PBXCopyFilesBuildPhase section */
		3DC2EB9821A69DA50073225F /* Embed Frameworks */ = {
			isa = PBXCopyFilesBuildPhase;
			buildActionMask = 2147483647;
			dstPath = "";
			dstSubfolderSpec = 10;
			files = (
				3DC2EB9421A69DA50073225F /* MyChat.framework in Embed Frameworks */,
			);
			name = "Embed Frameworks";
			runOnlyForDeploymentPostprocessing = 0;
		};
/* End PBXCopyFilesBuildPhase section */

/* Begin PBXFileReference section */
		06710A2DF43396F7993CA473 /* Pods-Example-Objc.debug.xcconfig */ = {isa = PBXFileReference; includeInIndex = 1; lastKnownFileType = text.xcconfig; name = "Pods-Example-Objc.debug.xcconfig"; path = "Pods/Target Support Files/Pods-Example-Objc/Pods-Example-Objc.debug.xcconfig"; sourceTree = "<group>"; };
		3DC2EB6E21A693B40073225F /* Example-Objc.app */ = {isa = PBXFileReference; explicitFileType = wrapper.application; includeInIndex = 0; path = "Example-Objc.app"; sourceTree = BUILT_PRODUCTS_DIR; };
		3DC2EB7121A693B40073225F /* AppDelegate.h */ = {isa = PBXFileReference; lastKnownFileType = sourcecode.c.h; path = AppDelegate.h; sourceTree = "<group>"; };
		3DC2EB7221A693B40073225F /* AppDelegate.m */ = {isa = PBXFileReference; lastKnownFileType = sourcecode.c.objc; path = AppDelegate.m; sourceTree = "<group>"; };
		3DC2EB7421A693B40073225F /* ViewController.h */ = {isa = PBXFileReference; lastKnownFileType = sourcecode.c.h; path = ViewController.h; sourceTree = "<group>"; };
		3DC2EB7521A693B40073225F /* ViewController.m */ = {isa = PBXFileReference; lastKnownFileType = sourcecode.c.objc; path = ViewController.m; sourceTree = "<group>"; };
		3DC2EB7821A693B40073225F /* Base */ = {isa = PBXFileReference; lastKnownFileType = file.storyboard; name = Base; path = Base.lproj/Main.storyboard; sourceTree = "<group>"; };
		3DC2EB7A21A693BA0073225F /* Assets.xcassets */ = {isa = PBXFileReference; lastKnownFileType = folder.assetcatalog; path = Assets.xcassets; sourceTree = "<group>"; };
		3DC2EB7D21A693BA0073225F /* Base */ = {isa = PBXFileReference; lastKnownFileType = file.storyboard; name = Base; path = Base.lproj/LaunchScreen.storyboard; sourceTree = "<group>"; };
		3DC2EB7F21A693BA0073225F /* Info.plist */ = {isa = PBXFileReference; lastKnownFileType = text.plist.xml; path = Info.plist; sourceTree = "<group>"; };
		3DC2EB8021A693BA0073225F /* main.m */ = {isa = PBXFileReference; lastKnownFileType = sourcecode.c.objc; path = main.m; sourceTree = "<group>"; };
		3DC2EB8C21A69DA50073225F /* MyChat.framework */ = {isa = PBXFileReference; explicitFileType = wrapper.framework; includeInIndex = 0; path = MyChat.framework; sourceTree = BUILT_PRODUCTS_DIR; };
		3DC2EB8E21A69DA50073225F /* MyChat.h */ = {isa = PBXFileReference; lastKnownFileType = sourcecode.c.h; path = MyChat.h; sourceTree = "<group>"; };
		3DC2EB8F21A69DA50073225F /* Info.plist */ = {isa = PBXFileReference; lastKnownFileType = text.plist.xml; path = Info.plist; sourceTree = "<group>"; };
		3DC2EC3621A69EA80073225F /* UIConfiguration.swift */ = {isa = PBXFileReference; fileEncoding = 4; lastKnownFileType = sourcecode.swift; path = UIConfiguration.swift; sourceTree = "<group>"; };
		3DC2EC3721A69EA80073225F /* QiscusTextConfiguration.swift */ = {isa = PBXFileReference; fileEncoding = 4; lastKnownFileType = sourcecode.swift; path = QiscusTextConfiguration.swift; sourceTree = "<group>"; };
		3DC2EC3821A69EA80073225F /* ColorConfiguration.swift */ = {isa = PBXFileReference; fileEncoding = 4; lastKnownFileType = sourcecode.swift; path = ColorConfiguration.swift; sourceTree = "<group>"; };
		3DC2EC3921A69EA80073225F /* AssetsConfiguration.swift */ = {isa = PBXFileReference; fileEncoding = 4; lastKnownFileType = sourcecode.swift; path = AssetsConfiguration.swift; sourceTree = "<group>"; };
		3DC2EC3B21A69EA90073225F /* ChatViewController.swift */ = {isa = PBXFileReference; fileEncoding = 4; lastKnownFileType = sourcecode.swift; path = ChatViewController.swift; sourceTree = "<group>"; };
		3DC2EC3E21A69EA90073225F /* QCarouselCardCell.swift */ = {isa = PBXFileReference; fileEncoding = 4; lastKnownFileType = sourcecode.swift; path = QCarouselCardCell.swift; sourceTree = "<group>"; };
		3DC2EC3F21A69EA90073225F /* QCarouselCardCell.xib */ = {isa = PBXFileReference; fileEncoding = 4; lastKnownFileType = file.xib; path = QCarouselCardCell.xib; sourceTree = "<group>"; };
		3DC2EC4021A69EA90073225F /* QCarouselCell.xib */ = {isa = PBXFileReference; fileEncoding = 4; lastKnownFileType = file.xib; path = QCarouselCell.xib; sourceTree = "<group>"; };
		3DC2EC4121A69EA90073225F /* QCarouselCell.swift */ = {isa = PBXFileReference; fileEncoding = 4; lastKnownFileType = sourcecode.swift; path = QCarouselCell.swift; sourceTree = "<group>"; };
		3DC2EC4221A69EA90073225F /* QPostbackLeftCell.xib */ = {isa = PBXFileReference; fileEncoding = 4; lastKnownFileType = file.xib; path = QPostbackLeftCell.xib; sourceTree = "<group>"; };
		3DC2EC4421A69EA90073225F /* QTextLeftCell.xib */ = {isa = PBXFileReference; fileEncoding = 4; lastKnownFileType = file.xib; path = QTextLeftCell.xib; sourceTree = "<group>"; };
		3DC2EC4521A69EA90073225F /* QTextRightCell.xib */ = {isa = PBXFileReference; fileEncoding = 4; lastKnownFileType = file.xib; path = QTextRightCell.xib; sourceTree = "<group>"; };
		3DC2EC4621A69EA90073225F /* QTextLeftCell.swift */ = {isa = PBXFileReference; fileEncoding = 4; lastKnownFileType = sourcecode.swift; path = QTextLeftCell.swift; sourceTree = "<group>"; };
		3DC2EC4721A69EA90073225F /* QTextRightCell.swift */ = {isa = PBXFileReference; fileEncoding = 4; lastKnownFileType = sourcecode.swift; path = QTextRightCell.swift; sourceTree = "<group>"; };
		3DC2EC4921A69EA90073225F /* QImageLeftCell.swift */ = {isa = PBXFileReference; fileEncoding = 4; lastKnownFileType = sourcecode.swift; path = QImageLeftCell.swift; sourceTree = "<group>"; };
		3DC2EC4A21A69EA90073225F /* QImageLeftCell.xib */ = {isa = PBXFileReference; fileEncoding = 4; lastKnownFileType = file.xib; path = QImageLeftCell.xib; sourceTree = "<group>"; };
		3DC2EC4B21A69EA90073225F /* QImageRightCell.xib */ = {isa = PBXFileReference; fileEncoding = 4; lastKnownFileType = file.xib; path = QImageRightCell.xib; sourceTree = "<group>"; };
		3DC2EC4C21A69EA90073225F /* QImageRightCell.swift */ = {isa = PBXFileReference; fileEncoding = 4; lastKnownFileType = sourcecode.swift; path = QImageRightCell.swift; sourceTree = "<group>"; };
		3DC2EC4D21A69EA90073225F /* QSystemCell.xib */ = {isa = PBXFileReference; fileEncoding = 4; lastKnownFileType = file.xib; path = QSystemCell.xib; sourceTree = "<group>"; };
		3DC2EC4E21A69EA90073225F /* QPostbackLeftCell.swift */ = {isa = PBXFileReference; fileEncoding = 4; lastKnownFileType = sourcecode.swift; path = QPostbackLeftCell.swift; sourceTree = "<group>"; };
		3DC2EC5021A69EA90073225F /* QLocationLeftCell.xib */ = {isa = PBXFileReference; fileEncoding = 4; lastKnownFileType = file.xib; path = QLocationLeftCell.xib; sourceTree = "<group>"; };
		3DC2EC5121A69EA90073225F /* QLocationRightCell.swift */ = {isa = PBXFileReference; fileEncoding = 4; lastKnownFileType = sourcecode.swift; path = QLocationRightCell.swift; sourceTree = "<group>"; };
		3DC2EC5221A69EA90073225F /* QLocationRightCell.xib */ = {isa = PBXFileReference; fileEncoding = 4; lastKnownFileType = file.xib; path = QLocationRightCell.xib; sourceTree = "<group>"; };
		3DC2EC5321A69EA90073225F /* QLocationLeftCell.swift */ = {isa = PBXFileReference; fileEncoding = 4; lastKnownFileType = sourcecode.swift; path = QLocationLeftCell.swift; sourceTree = "<group>"; };
		3DC2EC5521A69EA90073225F /* QAudioLeftCell.xib */ = {isa = PBXFileReference; fileEncoding = 4; lastKnownFileType = file.xib; path = QAudioLeftCell.xib; sourceTree = "<group>"; };
		3DC2EC5621A69EA90073225F /* QAudioLeftCell.swift */ = {isa = PBXFileReference; fileEncoding = 4; lastKnownFileType = sourcecode.swift; path = QAudioLeftCell.swift; sourceTree = "<group>"; };
		3DC2EC5721A69EA90073225F /* QAudioRightCell.swift */ = {isa = PBXFileReference; fileEncoding = 4; lastKnownFileType = sourcecode.swift; path = QAudioRightCell.swift; sourceTree = "<group>"; };
		3DC2EC5821A69EA90073225F /* QAudioRightCell.xib */ = {isa = PBXFileReference; fileEncoding = 4; lastKnownFileType = file.xib; path = QAudioRightCell.xib; sourceTree = "<group>"; };
		3DC2EC5A21A69EA90073225F /* QMediaLeftCell.swift */ = {isa = PBXFileReference; fileEncoding = 4; lastKnownFileType = sourcecode.swift; path = QMediaLeftCell.swift; sourceTree = "<group>"; };
		3DC2EC5B21A69EA90073225F /* QMediaLeftCell.xib */ = {isa = PBXFileReference; fileEncoding = 4; lastKnownFileType = file.xib; path = QMediaLeftCell.xib; sourceTree = "<group>"; };
		3DC2EC5C21A69EA90073225F /* QSystemCell.swift */ = {isa = PBXFileReference; fileEncoding = 4; lastKnownFileType = sourcecode.swift; path = QSystemCell.swift; sourceTree = "<group>"; };
		3DC2EC5E21A69EA90073225F /* QContactRightCell.xib */ = {isa = PBXFileReference; fileEncoding = 4; lastKnownFileType = file.xib; path = QContactRightCell.xib; sourceTree = "<group>"; };
		3DC2EC5F21A69EA90073225F /* QContactLeftCell.swift */ = {isa = PBXFileReference; fileEncoding = 4; lastKnownFileType = sourcecode.swift; path = QContactLeftCell.swift; sourceTree = "<group>"; };
		3DC2EC6021A69EA90073225F /* QContactRightCell.swift */ = {isa = PBXFileReference; fileEncoding = 4; lastKnownFileType = sourcecode.swift; path = QContactRightCell.swift; sourceTree = "<group>"; };
		3DC2EC6121A69EA90073225F /* QContactLeftCell.xib */ = {isa = PBXFileReference; fileEncoding = 4; lastKnownFileType = file.xib; path = QContactLeftCell.xib; sourceTree = "<group>"; };
		3DC2EC6321A69EA90073225F /* QReplyLeftCell.xib */ = {isa = PBXFileReference; fileEncoding = 4; lastKnownFileType = file.xib; path = QReplyLeftCell.xib; sourceTree = "<group>"; };
		3DC2EC6421A69EA90073225F /* QReplyRightCell.xib */ = {isa = PBXFileReference; fileEncoding = 4; lastKnownFileType = file.xib; path = QReplyRightCell.xib; sourceTree = "<group>"; };
		3DC2EC6521A69EA90073225F /* QReplyLeftCell.swift */ = {isa = PBXFileReference; fileEncoding = 4; lastKnownFileType = sourcecode.swift; path = QReplyLeftCell.swift; sourceTree = "<group>"; };
		3DC2EC6621A69EA90073225F /* QReplyRightCell.swift */ = {isa = PBXFileReference; fileEncoding = 4; lastKnownFileType = sourcecode.swift; path = QReplyRightCell.swift; sourceTree = "<group>"; };
		3DC2EC6721A69EA90073225F /* QUIBaseChatCell.swift */ = {isa = PBXFileReference; fileEncoding = 4; lastKnownFileType = sourcecode.swift; path = QUIBaseChatCell.swift; sourceTree = "<group>"; };
		3DC2EC6921A69EA90073225F /* QDocumentLeftCell.xib */ = {isa = PBXFileReference; fileEncoding = 4; lastKnownFileType = file.xib; path = QDocumentLeftCell.xib; sourceTree = "<group>"; };
		3DC2EC6A21A69EA90073225F /* QDocumentLeftCell.swift */ = {isa = PBXFileReference; fileEncoding = 4; lastKnownFileType = sourcecode.swift; path = QDocumentLeftCell.swift; sourceTree = "<group>"; };
		3DC2EC6B21A69EA90073225F /* QDocumentRightCell.swift */ = {isa = PBXFileReference; fileEncoding = 4; lastKnownFileType = sourcecode.swift; path = QDocumentRightCell.swift; sourceTree = "<group>"; };
		3DC2EC6C21A69EA90073225F /* QDocumentRightCell.xib */ = {isa = PBXFileReference; fileEncoding = 4; lastKnownFileType = file.xib; path = QDocumentRightCell.xib; sourceTree = "<group>"; };
		3DC2EC6D21A69EA90073225F /* ChatPreviewDocVC.xib */ = {isa = PBXFileReference; fileEncoding = 4; lastKnownFileType = file.xib; path = ChatPreviewDocVC.xib; sourceTree = "<group>"; };
		3DC2EC6E21A69EA90073225F /* ChatViewController.xib */ = {isa = PBXFileReference; fileEncoding = 4; lastKnownFileType = file.xib; path = ChatViewController.xib; sourceTree = "<group>"; };
		3DC2EC6F21A69EA90073225F /* ChatPreviewDocVC.swift */ = {isa = PBXFileReference; fileEncoding = 4; lastKnownFileType = sourcecode.swift; path = ChatPreviewDocVC.swift; sourceTree = "<group>"; };
		3DC2EC7121A69EA90073225F /* MultipleImageCell.xib */ = {isa = PBXFileReference; fileEncoding = 4; lastKnownFileType = file.xib; path = MultipleImageCell.xib; sourceTree = "<group>"; };
		3DC2EC7221A69EA90073225F /* QiscusUploaderVC.xib */ = {isa = PBXFileReference; fileEncoding = 4; lastKnownFileType = file.xib; path = QiscusUploaderVC.xib; sourceTree = "<group>"; };
		3DC2EC7321A69EA90073225F /* MultipleImageCell.swift */ = {isa = PBXFileReference; fileEncoding = 4; lastKnownFileType = sourcecode.swift; path = MultipleImageCell.swift; sourceTree = "<group>"; };
		3DC2EC7421A69EA90073225F /* QiscusUploaderVC.swift */ = {isa = PBXFileReference; fileEncoding = 4; lastKnownFileType = sourcecode.swift; path = QiscusUploaderVC.swift; sourceTree = "<group>"; };
		3DC2EC7621A69EA90073225F /* Date.swift */ = {isa = PBXFileReference; fileEncoding = 4; lastKnownFileType = sourcecode.swift; path = Date.swift; sourceTree = "<group>"; };
		3DC2EC7721A69EA90073225F /* UIView.swift */ = {isa = PBXFileReference; fileEncoding = 4; lastKnownFileType = sourcecode.swift; path = UIView.swift; sourceTree = "<group>"; };
		3DC2EC7821A69EA90073225F /* ViewController.swift */ = {isa = PBXFileReference; fileEncoding = 4; lastKnownFileType = sourcecode.swift; path = ViewController.swift; sourceTree = "<group>"; };
		3DC2EC7921A69EA90073225F /* NavigationBar.swift */ = {isa = PBXFileReference; fileEncoding = 4; lastKnownFileType = sourcecode.swift; path = NavigationBar.swift; sourceTree = "<group>"; };
		3DC2EC7A21A69EA90073225F /* Background.swift */ = {isa = PBXFileReference; fileEncoding = 4; lastKnownFileType = sourcecode.swift; path = Background.swift; sourceTree = "<group>"; };
		3DC2EC7B21A69EA90073225F /* QExtensionUICore.swift */ = {isa = PBXFileReference; fileEncoding = 4; lastKnownFileType = sourcecode.swift; path = QExtensionUICore.swift; sourceTree = "<group>"; };
		3DC2EC7C21A69EA90073225F /* UIImage.swift */ = {isa = PBXFileReference; fileEncoding = 4; lastKnownFileType = sourcecode.swift; path = UIImage.swift; sourceTree = "<group>"; };
		3DC2EC7E21A69EA90073225F /* CommentModel.swift */ = {isa = PBXFileReference; fileEncoding = 4; lastKnownFileType = sourcecode.swift; path = CommentModel.swift; sourceTree = "<group>"; };
		3DC2EC7F21A69EA90073225F /* CardCommentModel.swift */ = {isa = PBXFileReference; fileEncoding = 4; lastKnownFileType = sourcecode.swift; path = CardCommentModel.swift; sourceTree = "<group>"; };
		3DC2EC8121A69EA90073225F /* CustomChatListCell.xib */ = {isa = PBXFileReference; fileEncoding = 4; lastKnownFileType = file.xib; path = CustomChatListCell.xib; sourceTree = "<group>"; };
		3DC2EC8221A69EA90073225F /* ChatListViewController.swift */ = {isa = PBXFileReference; fileEncoding = 4; lastKnownFileType = sourcecode.swift; path = ChatListViewController.swift; sourceTree = "<group>"; };
		3DC2EC8321A69EA90073225F /* CustomChatListCell.swift */ = {isa = PBXFileReference; fileEncoding = 4; lastKnownFileType = sourcecode.swift; path = CustomChatListCell.swift; sourceTree = "<group>"; };
		3DC2EC8521A69EA90073225F /* CustomChatInput.swift */ = {isa = PBXFileReference; fileEncoding = 4; lastKnownFileType = sourcecode.swift; path = CustomChatInput.swift; sourceTree = "<group>"; };
		3DC2EC8621A69EA90073225F /* CustomChatInput.xib */ = {isa = PBXFileReference; fileEncoding = 4; lastKnownFileType = file.xib; path = CustomChatInput.xib; sourceTree = "<group>"; };
		3DC2EC8721A69EAB0073225F /* Assets.xcassets */ = {isa = PBXFileReference; lastKnownFileType = folder.assetcatalog; path = Assets.xcassets; sourceTree = "<group>"; };
		3DC2EC8921A69EAB0073225F /* QPopUpView.swift */ = {isa = PBXFileReference; fileEncoding = 4; lastKnownFileType = sourcecode.swift; path = QPopUpView.swift; sourceTree = "<group>"; };
		3DC2EC8A21A69EAB0073225F /* QPopUpView.xib */ = {isa = PBXFileReference; fileEncoding = 4; lastKnownFileType = file.xib; path = QPopUpView.xib; sourceTree = "<group>"; };
		3DC2EC8B21A69EAB0073225F /* QCardButton.swift */ = {isa = PBXFileReference; fileEncoding = 4; lastKnownFileType = sourcecode.swift; path = QCardButton.swift; sourceTree = "<group>"; };
		3DC2EC8E21A69EAB0073225F /* Base */ = {isa = PBXFileReference; lastKnownFileType = file.storyboard; name = Base; path = LaunchScreen.storyboard; sourceTree = "<group>"; };
		3DC2EC9021A69EAB0073225F /* Base */ = {isa = PBXFileReference; lastKnownFileType = file.storyboard; name = Base; path = Main.storyboard; sourceTree = "<group>"; };
		7A9C7AB7DD6103724F977619 /* Pods-Example-Objc.release.xcconfig */ = {isa = PBXFileReference; includeInIndex = 1; lastKnownFileType = text.xcconfig; name = "Pods-Example-Objc.release.xcconfig"; path = "Pods/Target Support Files/Pods-Example-Objc/Pods-Example-Objc.release.xcconfig"; sourceTree = "<group>"; };
		90A3E6EEC2939AFE86203A9A /* Pods_Example_Objc.framework */ = {isa = PBXFileReference; explicitFileType = wrapper.framework; includeInIndex = 0; path = Pods_Example_Objc.framework; sourceTree = BUILT_PRODUCTS_DIR; };
/* End PBXFileReference section */

/* Begin PBXFrameworksBuildPhase section */
		3DC2EB6B21A693B40073225F /* Frameworks */ = {
			isa = PBXFrameworksBuildPhase;
			buildActionMask = 2147483647;
			files = (
				3DC2EB9321A69DA50073225F /* MyChat.framework in Frameworks */,
				856E82139A61C679224B7FFA /* Pods_Example_Objc.framework in Frameworks */,
			);
			runOnlyForDeploymentPostprocessing = 0;
		};
		3DC2EB8921A69DA50073225F /* Frameworks */ = {
			isa = PBXFrameworksBuildPhase;
			buildActionMask = 2147483647;
			files = (
			);
			runOnlyForDeploymentPostprocessing = 0;
		};
/* End PBXFrameworksBuildPhase section */

/* Begin PBXGroup section */
		2481A05B701931E35408E3EB /* Frameworks */ = {
			isa = PBXGroup;
			children = (
				90A3E6EEC2939AFE86203A9A /* Pods_Example_Objc.framework */,
			);
			name = Frameworks;
			sourceTree = "<group>";
		};
		3DC2EB6521A693B40073225F = {
			isa = PBXGroup;
			children = (
				3DC2EB7021A693B40073225F /* Example-Objc */,
				3DC2EB8D21A69DA50073225F /* MyChat */,
				3DC2EB6F21A693B40073225F /* Products */,
				57E8271949F1E4319906429C /* Pods */,
				2481A05B701931E35408E3EB /* Frameworks */,
			);
			sourceTree = "<group>";
		};
		3DC2EB6F21A693B40073225F /* Products */ = {
			isa = PBXGroup;
			children = (
				3DC2EB6E21A693B40073225F /* Example-Objc.app */,
				3DC2EB8C21A69DA50073225F /* MyChat.framework */,
			);
			name = Products;
			sourceTree = "<group>";
		};
		3DC2EB7021A693B40073225F /* Example-Objc */ = {
			isa = PBXGroup;
			children = (
				3DC2EB7121A693B40073225F /* AppDelegate.h */,
				3DC2EB7221A693B40073225F /* AppDelegate.m */,
				3DC2EB7421A693B40073225F /* ViewController.h */,
				3DC2EB7521A693B40073225F /* ViewController.m */,
				3DC2EB7721A693B40073225F /* Main.storyboard */,
				3DC2EB7A21A693BA0073225F /* Assets.xcassets */,
				3DC2EB7C21A693BA0073225F /* LaunchScreen.storyboard */,
				3DC2EB7F21A693BA0073225F /* Info.plist */,
				3DC2EB8021A693BA0073225F /* main.m */,
			);
			path = "Example-Objc";
			sourceTree = "<group>";
		};
		3DC2EB8D21A69DA50073225F /* MyChat */ = {
			isa = PBXGroup;
			children = (
				3DC2EC8721A69EAB0073225F /* Assets.xcassets */,
				3DC2EC8C21A69EAB0073225F /* Base.lproj */,
				3DC2EC8421A69EA90073225F /* ChatInput */,
				3DC2EC8021A69EA90073225F /* ChatList */,
				3DC2EC3A21A69EA90073225F /* ChatView */,
				3DC2EC3521A69EA80073225F /* Configuration */,
				3DC2EC7521A69EA90073225F /* Extension */,
				3DC2EC8821A69EAB0073225F /* Library */,
				3DC2EC7D21A69EA90073225F /* Model */,
				3DC2EB8E21A69DA50073225F /* MyChat.h */,
				3DC2EB8F21A69DA50073225F /* Info.plist */,
			);
			path = MyChat;
			sourceTree = "<group>";
		};
		3DC2EC3521A69EA80073225F /* Configuration */ = {
			isa = PBXGroup;
			children = (
				3DC2EC3621A69EA80073225F /* UIConfiguration.swift */,
				3DC2EC3721A69EA80073225F /* QiscusTextConfiguration.swift */,
				3DC2EC3821A69EA80073225F /* ColorConfiguration.swift */,
				3DC2EC3921A69EA80073225F /* AssetsConfiguration.swift */,
			);
			path = Configuration;
			sourceTree = "<group>";
		};
		3DC2EC3A21A69EA90073225F /* ChatView */ = {
			isa = PBXGroup;
			children = (
				3DC2EC3B21A69EA90073225F /* ChatViewController.swift */,
				3DC2EC3C21A69EA90073225F /* ChatCell */,
				3DC2EC6D21A69EA90073225F /* ChatPreviewDocVC.xib */,
				3DC2EC6E21A69EA90073225F /* ChatViewController.xib */,
				3DC2EC6F21A69EA90073225F /* ChatPreviewDocVC.swift */,
				3DC2EC7021A69EA90073225F /* ChatUpload */,
			);
			path = ChatView;
			sourceTree = "<group>";
		};
		3DC2EC3C21A69EA90073225F /* ChatCell */ = {
			isa = PBXGroup;
			children = (
				3DC2EC3D21A69EA90073225F /* CarouselCell */,
				3DC2EC4221A69EA90073225F /* QPostbackLeftCell.xib */,
				3DC2EC4321A69EA90073225F /* TextCell */,
				3DC2EC4821A69EA90073225F /* ImageCell */,
				3DC2EC4D21A69EA90073225F /* QSystemCell.xib */,
				3DC2EC4E21A69EA90073225F /* QPostbackLeftCell.swift */,
				3DC2EC4F21A69EA90073225F /* LocationCell */,
				3DC2EC5421A69EA90073225F /* AudioCell */,
				3DC2EC5921A69EA90073225F /* VideoCell */,
				3DC2EC5C21A69EA90073225F /* QSystemCell.swift */,
				3DC2EC5D21A69EA90073225F /* ContactCell */,
				3DC2EC6221A69EA90073225F /* ReplayCell */,
				3DC2EC6721A69EA90073225F /* QUIBaseChatCell.swift */,
				3DC2EC6821A69EA90073225F /* DocumentCell */,
			);
			path = ChatCell;
			sourceTree = "<group>";
		};
		3DC2EC3D21A69EA90073225F /* CarouselCell */ = {
			isa = PBXGroup;
			children = (
				3DC2EC3E21A69EA90073225F /* QCarouselCardCell.swift */,
				3DC2EC3F21A69EA90073225F /* QCarouselCardCell.xib */,
				3DC2EC4021A69EA90073225F /* QCarouselCell.xib */,
				3DC2EC4121A69EA90073225F /* QCarouselCell.swift */,
			);
			path = CarouselCell;
			sourceTree = "<group>";
		};
		3DC2EC4321A69EA90073225F /* TextCell */ = {
			isa = PBXGroup;
			children = (
				3DC2EC4421A69EA90073225F /* QTextLeftCell.xib */,
				3DC2EC4521A69EA90073225F /* QTextRightCell.xib */,
				3DC2EC4621A69EA90073225F /* QTextLeftCell.swift */,
				3DC2EC4721A69EA90073225F /* QTextRightCell.swift */,
			);
			path = TextCell;
			sourceTree = "<group>";
		};
		3DC2EC4821A69EA90073225F /* ImageCell */ = {
			isa = PBXGroup;
			children = (
				3DC2EC4921A69EA90073225F /* QImageLeftCell.swift */,
				3DC2EC4A21A69EA90073225F /* QImageLeftCell.xib */,
				3DC2EC4B21A69EA90073225F /* QImageRightCell.xib */,
				3DC2EC4C21A69EA90073225F /* QImageRightCell.swift */,
			);
			path = ImageCell;
			sourceTree = "<group>";
		};
		3DC2EC4F21A69EA90073225F /* LocationCell */ = {
			isa = PBXGroup;
			children = (
				3DC2EC5021A69EA90073225F /* QLocationLeftCell.xib */,
				3DC2EC5121A69EA90073225F /* QLocationRightCell.swift */,
				3DC2EC5221A69EA90073225F /* QLocationRightCell.xib */,
				3DC2EC5321A69EA90073225F /* QLocationLeftCell.swift */,
			);
			path = LocationCell;
			sourceTree = "<group>";
		};
		3DC2EC5421A69EA90073225F /* AudioCell */ = {
			isa = PBXGroup;
			children = (
				3DC2EC5521A69EA90073225F /* QAudioLeftCell.xib */,
				3DC2EC5621A69EA90073225F /* QAudioLeftCell.swift */,
				3DC2EC5721A69EA90073225F /* QAudioRightCell.swift */,
				3DC2EC5821A69EA90073225F /* QAudioRightCell.xib */,
			);
			path = AudioCell;
			sourceTree = "<group>";
		};
		3DC2EC5921A69EA90073225F /* VideoCell */ = {
			isa = PBXGroup;
			children = (
				3DC2EC5A21A69EA90073225F /* QMediaLeftCell.swift */,
				3DC2EC5B21A69EA90073225F /* QMediaLeftCell.xib */,
			);
			path = VideoCell;
			sourceTree = "<group>";
		};
		3DC2EC5D21A69EA90073225F /* ContactCell */ = {
			isa = PBXGroup;
			children = (
				3DC2EC5E21A69EA90073225F /* QContactRightCell.xib */,
				3DC2EC5F21A69EA90073225F /* QContactLeftCell.swift */,
				3DC2EC6021A69EA90073225F /* QContactRightCell.swift */,
				3DC2EC6121A69EA90073225F /* QContactLeftCell.xib */,
			);
			path = ContactCell;
			sourceTree = "<group>";
		};
		3DC2EC6221A69EA90073225F /* ReplayCell */ = {
			isa = PBXGroup;
			children = (
				3DC2EC6321A69EA90073225F /* QReplyLeftCell.xib */,
				3DC2EC6421A69EA90073225F /* QReplyRightCell.xib */,
				3DC2EC6521A69EA90073225F /* QReplyLeftCell.swift */,
				3DC2EC6621A69EA90073225F /* QReplyRightCell.swift */,
			);
			path = ReplayCell;
			sourceTree = "<group>";
		};
		3DC2EC6821A69EA90073225F /* DocumentCell */ = {
			isa = PBXGroup;
			children = (
				3DC2EC6921A69EA90073225F /* QDocumentLeftCell.xib */,
				3DC2EC6A21A69EA90073225F /* QDocumentLeftCell.swift */,
				3DC2EC6B21A69EA90073225F /* QDocumentRightCell.swift */,
				3DC2EC6C21A69EA90073225F /* QDocumentRightCell.xib */,
			);
			path = DocumentCell;
			sourceTree = "<group>";
		};
		3DC2EC7021A69EA90073225F /* ChatUpload */ = {
			isa = PBXGroup;
			children = (
				3DC2EC7121A69EA90073225F /* MultipleImageCell.xib */,
				3DC2EC7221A69EA90073225F /* QiscusUploaderVC.xib */,
				3DC2EC7321A69EA90073225F /* MultipleImageCell.swift */,
				3DC2EC7421A69EA90073225F /* QiscusUploaderVC.swift */,
			);
			path = ChatUpload;
			sourceTree = "<group>";
		};
		3DC2EC7521A69EA90073225F /* Extension */ = {
			isa = PBXGroup;
			children = (
				3DC2EC7621A69EA90073225F /* Date.swift */,
				3DC2EC7721A69EA90073225F /* UIView.swift */,
				3DC2EC7821A69EA90073225F /* ViewController.swift */,
				3DC2EC7921A69EA90073225F /* NavigationBar.swift */,
				3DC2EC7A21A69EA90073225F /* Background.swift */,
				3DC2EC7B21A69EA90073225F /* QExtensionUICore.swift */,
				3DC2EC7C21A69EA90073225F /* UIImage.swift */,
			);
			path = Extension;
			sourceTree = "<group>";
		};
		3DC2EC7D21A69EA90073225F /* Model */ = {
			isa = PBXGroup;
			children = (
				3DC2EC7E21A69EA90073225F /* CommentModel.swift */,
				3DC2EC7F21A69EA90073225F /* CardCommentModel.swift */,
			);
			path = Model;
			sourceTree = "<group>";
		};
		3DC2EC8021A69EA90073225F /* ChatList */ = {
			isa = PBXGroup;
			children = (
				3DC2EC8121A69EA90073225F /* CustomChatListCell.xib */,
				3DC2EC8221A69EA90073225F /* ChatListViewController.swift */,
				3DC2EC8321A69EA90073225F /* CustomChatListCell.swift */,
			);
			path = ChatList;
			sourceTree = "<group>";
		};
		3DC2EC8421A69EA90073225F /* ChatInput */ = {
			isa = PBXGroup;
			children = (
				3DC2EC8521A69EA90073225F /* CustomChatInput.swift */,
				3DC2EC8621A69EA90073225F /* CustomChatInput.xib */,
			);
			path = ChatInput;
			sourceTree = "<group>";
		};
		3DC2EC8821A69EAB0073225F /* Library */ = {
			isa = PBXGroup;
			children = (
				3DC2EC8921A69EAB0073225F /* QPopUpView.swift */,
				3DC2EC8A21A69EAB0073225F /* QPopUpView.xib */,
				3DC2EC8B21A69EAB0073225F /* QCardButton.swift */,
			);
			path = Library;
			sourceTree = "<group>";
		};
		3DC2EC8C21A69EAB0073225F /* Base.lproj */ = {
			isa = PBXGroup;
			children = (
				3DC2EC8D21A69EAB0073225F /* LaunchScreen.storyboard */,
				3DC2EC8F21A69EAB0073225F /* Main.storyboard */,
			);
			path = Base.lproj;
			sourceTree = "<group>";
		};
		57E8271949F1E4319906429C /* Pods */ = {
			isa = PBXGroup;
			children = (
				06710A2DF43396F7993CA473 /* Pods-Example-Objc.debug.xcconfig */,
				7A9C7AB7DD6103724F977619 /* Pods-Example-Objc.release.xcconfig */,
			);
			name = Pods;
			sourceTree = "<group>";
		};
/* End PBXGroup section */

/* Begin PBXHeadersBuildPhase section */
		3DC2EB8721A69DA50073225F /* Headers */ = {
			isa = PBXHeadersBuildPhase;
			buildActionMask = 2147483647;
			files = (
				3DC2EB9021A69DA50073225F /* MyChat.h in Headers */,
			);
			runOnlyForDeploymentPostprocessing = 0;
		};
/* End PBXHeadersBuildPhase section */

/* Begin PBXNativeTarget section */
		3DC2EB6D21A693B40073225F /* Example-Objc */ = {
			isa = PBXNativeTarget;
			buildConfigurationList = 3DC2EB8421A693BA0073225F /* Build configuration list for PBXNativeTarget "Example-Objc" */;
			buildPhases = (
				3F69E7B1174074CAC642DED5 /* [CP] Check Pods Manifest.lock */,
				3DC2EB6A21A693B40073225F /* Sources */,
				3DC2EB6B21A693B40073225F /* Frameworks */,
				3DC2EB6C21A693B40073225F /* Resources */,
				9C339592ECD0BD78D78542B9 /* [CP] Embed Pods Frameworks */,
				3DC2EB9821A69DA50073225F /* Embed Frameworks */,
			);
			buildRules = (
			);
			dependencies = (
				3DC2EB9221A69DA50073225F /* PBXTargetDependency */,
			);
			name = "Example-Objc";
			productName = "Example-Objc";
			productReference = 3DC2EB6E21A693B40073225F /* Example-Objc.app */;
			productType = "com.apple.product-type.application";
		};
		3DC2EB8B21A69DA50073225F /* MyChat */ = {
			isa = PBXNativeTarget;
			buildConfigurationList = 3DC2EB9721A69DA50073225F /* Build configuration list for PBXNativeTarget "MyChat" */;
			buildPhases = (
				3DC2EB8721A69DA50073225F /* Headers */,
				3DC2EB8821A69DA50073225F /* Sources */,
				3DC2EB8921A69DA50073225F /* Frameworks */,
				3DC2EB8A21A69DA50073225F /* Resources */,
			);
			buildRules = (
			);
			dependencies = (
			);
			name = MyChat;
			productName = MyChat;
			productReference = 3DC2EB8C21A69DA50073225F /* MyChat.framework */;
			productType = "com.apple.product-type.framework";
		};
/* End PBXNativeTarget section */

/* Begin PBXProject section */
		3DC2EB6621A693B40073225F /* Project object */ = {
			isa = PBXProject;
			attributes = {
				LastUpgradeCheck = 1010;
				ORGANIZATIONNAME = Qiscus;
				TargetAttributes = {
					3DC2EB6D21A693B40073225F = {
						CreatedOnToolsVersion = 10.1;
					};
					3DC2EB8B21A69DA50073225F = {
						CreatedOnToolsVersion = 10.1;
					};
				};
			};
			buildConfigurationList = 3DC2EB6921A693B40073225F /* Build configuration list for PBXProject "Example-Objc" */;
			compatibilityVersion = "Xcode 9.3";
			developmentRegion = en;
			hasScannedForEncodings = 0;
			knownRegions = (
				en,
				Base,
			);
			mainGroup = 3DC2EB6521A693B40073225F;
			productRefGroup = 3DC2EB6F21A693B40073225F /* Products */;
			projectDirPath = "";
			projectRoot = "";
			targets = (
				3DC2EB6D21A693B40073225F /* Example-Objc */,
				3DC2EB8B21A69DA50073225F /* MyChat */,
			);
		};
/* End PBXProject section */

/* Begin PBXResourcesBuildPhase section */
		3DC2EB6C21A693B40073225F /* Resources */ = {
			isa = PBXResourcesBuildPhase;
			buildActionMask = 2147483647;
			files = (
				3DC2EB7E21A693BA0073225F /* LaunchScreen.storyboard in Resources */,
				3DC2EB7B21A693BA0073225F /* Assets.xcassets in Resources */,
				3DC2EB7921A693B40073225F /* Main.storyboard in Resources */,
			);
			runOnlyForDeploymentPostprocessing = 0;
		};
		3DC2EB8A21A69DA50073225F /* Resources */ = {
			isa = PBXResourcesBuildPhase;
			buildActionMask = 2147483647;
			files = (
				3DC2ECB321A69EAB0073225F /* QContactLeftCell.xib in Resources */,
				3DC2EC9C21A69EAB0073225F /* QTextRightCell.xib in Resources */,
				3DC2ECBE21A69EAB0073225F /* ChatViewController.xib in Resources */,
				3DC2ECA921A69EAB0073225F /* QAudioLeftCell.xib in Resources */,
				3DC2ECA121A69EAB0073225F /* QImageRightCell.xib in Resources */,
				3DC2ECB521A69EAB0073225F /* QReplyRightCell.xib in Resources */,
				3DC2ECD221A69EAB0073225F /* Assets.xcassets in Resources */,
				3DC2ECB021A69EAB0073225F /* QContactRightCell.xib in Resources */,
				3DC2ECD421A69EAB0073225F /* QPopUpView.xib in Resources */,
				3DC2EC9721A69EAB0073225F /* QCarouselCardCell.xib in Resources */,
				3DC2EC9821A69EAB0073225F /* QCarouselCell.xib in Resources */,
				3DC2ECAE21A69EAB0073225F /* QMediaLeftCell.xib in Resources */,
				3DC2EC9A21A69EAB0073225F /* QPostbackLeftCell.xib in Resources */,
				3DC2ECA721A69EAB0073225F /* QLocationRightCell.xib in Resources */,
				3DC2ECA021A69EAB0073225F /* QImageLeftCell.xib in Resources */,
				3DC2ECBC21A69EAB0073225F /* QDocumentRightCell.xib in Resources */,
				3DC2ECCD21A69EAB0073225F /* CustomChatListCell.xib in Resources */,
				3DC2ECB421A69EAB0073225F /* QReplyLeftCell.xib in Resources */,
				3DC2ECA321A69EAB0073225F /* QSystemCell.xib in Resources */,
				3DC2ECC121A69EAB0073225F /* QiscusUploaderVC.xib in Resources */,
				3DC2ECAC21A69EAB0073225F /* QAudioRightCell.xib in Resources */,
				3DC2ECD121A69EAB0073225F /* CustomChatInput.xib in Resources */,
				3DC2EC9B21A69EAB0073225F /* QTextLeftCell.xib in Resources */,
				3DC2ECA521A69EAB0073225F /* QLocationLeftCell.xib in Resources */,
				3DC2ECD721A69EAB0073225F /* Main.storyboard in Resources */,
				3DC2ECC021A69EAB0073225F /* MultipleImageCell.xib in Resources */,
				3DC2ECD621A69EAB0073225F /* LaunchScreen.storyboard in Resources */,
				3DC2ECBD21A69EAB0073225F /* ChatPreviewDocVC.xib in Resources */,
				3DC2ECB921A69EAB0073225F /* QDocumentLeftCell.xib in Resources */,
			);
			runOnlyForDeploymentPostprocessing = 0;
		};
/* End PBXResourcesBuildPhase section */

/* Begin PBXShellScriptBuildPhase section */
		3F69E7B1174074CAC642DED5 /* [CP] Check Pods Manifest.lock */ = {
			isa = PBXShellScriptBuildPhase;
			buildActionMask = 2147483647;
			files = (
			);
			inputFileListPaths = (
			);
			inputPaths = (
				"${PODS_PODFILE_DIR_PATH}/Podfile.lock",
				"${PODS_ROOT}/Manifest.lock",
			);
			name = "[CP] Check Pods Manifest.lock";
			outputFileListPaths = (
			);
			outputPaths = (
				"$(DERIVED_FILE_DIR)/Pods-Example-Objc-checkManifestLockResult.txt",
			);
			runOnlyForDeploymentPostprocessing = 0;
			shellPath = /bin/sh;
			shellScript = "diff \"${PODS_PODFILE_DIR_PATH}/Podfile.lock\" \"${PODS_ROOT}/Manifest.lock\" > /dev/null\nif [ $? != 0 ] ; then\n    # print error to STDERR\n    echo \"error: The sandbox is not in sync with the Podfile.lock. Run 'pod install' or update your CocoaPods installation.\" >&2\n    exit 1\nfi\n# This output is used by Xcode 'outputs' to avoid re-running this script phase.\necho \"SUCCESS\" > \"${SCRIPT_OUTPUT_FILE_0}\"\n";
			showEnvVarsInLog = 0;
		};
		9C339592ECD0BD78D78542B9 /* [CP] Embed Pods Frameworks */ = {
			isa = PBXShellScriptBuildPhase;
			buildActionMask = 2147483647;
			files = (
			);
			inputFileListPaths = (
			);
			inputPaths = (
				"${SRCROOT}/Pods/Target Support Files/Pods-Example-Objc/Pods-Example-Objc-frameworks.sh",
				"${BUILT_PRODUCTS_DIR}/Alamofire/Alamofire.framework",
				"${BUILT_PRODUCTS_DIR}/AlamofireImage/AlamofireImage.framework",
				"${BUILT_PRODUCTS_DIR}/CocoaAsyncSocket/CocoaAsyncSocket.framework",
				"${BUILT_PRODUCTS_DIR}/CocoaMQTT/CocoaMQTT.framework",
				"${PODS_ROOT}/QiscusCore/QiscusCore.framework",
				"${PODS_ROOT}/QiscusCore/QiscusCore.framework.dSYM",
				"${PODS_ROOT}/QiscusRealtime/QiscusRealtime.framework",
				"${PODS_ROOT}/QiscusRealtime/QiscusRealtime.framework.dSYM",
				"${BUILT_PRODUCTS_DIR}/QiscusUI/QiscusUI.framework",
				"${BUILT_PRODUCTS_DIR}/SDWebImage/SDWebImage.framework",
				"${BUILT_PRODUCTS_DIR}/SimpleImageViewer/SimpleImageViewer.framework",
				"${BUILT_PRODUCTS_DIR}/SwiftyJSON/SwiftyJSON.framework",
			);
			name = "[CP] Embed Pods Frameworks";
			outputFileListPaths = (
			);
			outputPaths = (
				"${TARGET_BUILD_DIR}/${FRAMEWORKS_FOLDER_PATH}/Alamofire.framework",
				"${TARGET_BUILD_DIR}/${FRAMEWORKS_FOLDER_PATH}/AlamofireImage.framework",
				"${TARGET_BUILD_DIR}/${FRAMEWORKS_FOLDER_PATH}/CocoaAsyncSocket.framework",
				"${TARGET_BUILD_DIR}/${FRAMEWORKS_FOLDER_PATH}/CocoaMQTT.framework",
				"${TARGET_BUILD_DIR}/${FRAMEWORKS_FOLDER_PATH}/QiscusCore.framework",
				"${DWARF_DSYM_FOLDER_PATH}/QiscusCore.framework.dSYM",
				"${TARGET_BUILD_DIR}/${FRAMEWORKS_FOLDER_PATH}/QiscusRealtime.framework",
				"${DWARF_DSYM_FOLDER_PATH}/QiscusRealtime.framework.dSYM",
				"${TARGET_BUILD_DIR}/${FRAMEWORKS_FOLDER_PATH}/QiscusUI.framework",
				"${TARGET_BUILD_DIR}/${FRAMEWORKS_FOLDER_PATH}/SDWebImage.framework",
				"${TARGET_BUILD_DIR}/${FRAMEWORKS_FOLDER_PATH}/SimpleImageViewer.framework",
				"${TARGET_BUILD_DIR}/${FRAMEWORKS_FOLDER_PATH}/SwiftyJSON.framework",
			);
			runOnlyForDeploymentPostprocessing = 0;
			shellPath = /bin/sh;
			shellScript = "\"${SRCROOT}/Pods/Target Support Files/Pods-Example-Objc/Pods-Example-Objc-frameworks.sh\"\n";
			showEnvVarsInLog = 0;
		};
/* End PBXShellScriptBuildPhase section */

/* Begin PBXSourcesBuildPhase section */
		3DC2EB6A21A693B40073225F /* Sources */ = {
			isa = PBXSourcesBuildPhase;
			buildActionMask = 2147483647;
			files = (
				3DC2EB7621A693B40073225F /* ViewController.m in Sources */,
				3DC2EB8121A693BA0073225F /* main.m in Sources */,
				3DC2EB7321A693B40073225F /* AppDelegate.m in Sources */,
			);
			runOnlyForDeploymentPostprocessing = 0;
		};
		3DC2EB8821A69DA50073225F /* Sources */ = {
			isa = PBXSourcesBuildPhase;
			buildActionMask = 2147483647;
			files = (
				3DC2ECC221A69EAB0073225F /* MultipleImageCell.swift in Sources */,
				3DC2EC9921A69EAB0073225F /* QCarouselCell.swift in Sources */,
				3DC2ECCE21A69EAB0073225F /* ChatListViewController.swift in Sources */,
				3DC2ECB721A69EAB0073225F /* QReplyRightCell.swift in Sources */,
				3DC2ECAB21A69EAB0073225F /* QAudioRightCell.swift in Sources */,
				3DC2ECB821A69EAB0073225F /* QUIBaseChatCell.swift in Sources */,
				3DC2ECC421A69EAB0073225F /* Date.swift in Sources */,
				3DC2ECCA21A69EAB0073225F /* UIImage.swift in Sources */,
				3DC2EC9121A69EAB0073225F /* UIConfiguration.swift in Sources */,
				3DC2ECC321A69EAB0073225F /* QiscusUploaderVC.swift in Sources */,
				3DC2ECBA21A69EAB0073225F /* QDocumentLeftCell.swift in Sources */,
				3DC2ECC621A69EAB0073225F /* ViewController.swift in Sources */,
				3DC2EC9621A69EAB0073225F /* QCarouselCardCell.swift in Sources */,
				3DC2ECC821A69EAB0073225F /* Background.swift in Sources */,
				3DC2ECC521A69EAB0073225F /* UIView.swift in Sources */,
				3DC2ECAD21A69EAB0073225F /* QMediaLeftCell.swift in Sources */,
				3DC2ECCC21A69EAB0073225F /* CardCommentModel.swift in Sources */,
				3DC2ECC921A69EAB0073225F /* QExtensionUICore.swift in Sources */,
				3DC2ECB621A69EAB0073225F /* QReplyLeftCell.swift in Sources */,
				3DC2ECCF21A69EAB0073225F /* CustomChatListCell.swift in Sources */,
				3DC2EC9221A69EAB0073225F /* QiscusTextConfiguration.swift in Sources */,
				3DC2EC9E21A69EAB0073225F /* QTextRightCell.swift in Sources */,
				3DC2ECAA21A69EAB0073225F /* QAudioLeftCell.swift in Sources */,
				3DC2ECD521A69EAB0073225F /* QCardButton.swift in Sources */,
				3DC2ECA421A69EAB0073225F /* QPostbackLeftCell.swift in Sources */,
				3DC2ECB221A69EAB0073225F /* QContactRightCell.swift in Sources */,
				3DC2ECC721A69EAB0073225F /* NavigationBar.swift in Sources */,
				3DC2EC9321A69EAB0073225F /* ColorConfiguration.swift in Sources */,
				3DC2ECD021A69EAB0073225F /* CustomChatInput.swift in Sources */,
				3DC2ECB121A69EAB0073225F /* QContactLeftCell.swift in Sources */,
				3DC2ECCB21A69EAB0073225F /* CommentModel.swift in Sources */,
				3DC2ECA621A69EAB0073225F /* QLocationRightCell.swift in Sources */,
				3DC2ECA221A69EAB0073225F /* QImageRightCell.swift in Sources */,
				3DC2EC9F21A69EAB0073225F /* QImageLeftCell.swift in Sources */,
				3DC2EC9521A69EAB0073225F /* ChatViewController.swift in Sources */,
				3DC2ECBF21A69EAB0073225F /* ChatPreviewDocVC.swift in Sources */,
				3DC2ECAF21A69EAB0073225F /* QSystemCell.swift in Sources */,
				3DC2EC9421A69EAB0073225F /* AssetsConfiguration.swift in Sources */,
				3DC2ECBB21A69EAB0073225F /* QDocumentRightCell.swift in Sources */,
				3DC2EC9D21A69EAB0073225F /* QTextLeftCell.swift in Sources */,
				3DC2ECD321A69EAB0073225F /* QPopUpView.swift in Sources */,
				3DC2ECA821A69EAB0073225F /* QLocationLeftCell.swift in Sources */,
			);
			runOnlyForDeploymentPostprocessing = 0;
		};
/* End PBXSourcesBuildPhase section */

/* Begin PBXTargetDependency section */
		3DC2EB9221A69DA50073225F /* PBXTargetDependency */ = {
			isa = PBXTargetDependency;
			target = 3DC2EB8B21A69DA50073225F /* MyChat */;
			targetProxy = 3DC2EB9121A69DA50073225F /* PBXContainerItemProxy */;
		};
/* End PBXTargetDependency section */

/* Begin PBXVariantGroup section */
		3DC2EB7721A693B40073225F /* Main.storyboard */ = {
			isa = PBXVariantGroup;
			children = (
				3DC2EB7821A693B40073225F /* Base */,
			);
			name = Main.storyboard;
			sourceTree = "<group>";
		};
		3DC2EB7C21A693BA0073225F /* LaunchScreen.storyboard */ = {
			isa = PBXVariantGroup;
			children = (
				3DC2EB7D21A693BA0073225F /* Base */,
			);
			name = LaunchScreen.storyboard;
			sourceTree = "<group>";
		};
		3DC2EC8D21A69EAB0073225F /* LaunchScreen.storyboard */ = {
			isa = PBXVariantGroup;
			children = (
				3DC2EC8E21A69EAB0073225F /* Base */,
			);
			name = LaunchScreen.storyboard;
			sourceTree = "<group>";
		};
		3DC2EC8F21A69EAB0073225F /* Main.storyboard */ = {
			isa = PBXVariantGroup;
			children = (
				3DC2EC9021A69EAB0073225F /* Base */,
			);
			name = Main.storyboard;
			sourceTree = "<group>";
		};
/* End PBXVariantGroup section */

/* Begin XCBuildConfiguration section */
		3DC2EB8221A693BA0073225F /* Debug */ = {
			isa = XCBuildConfiguration;
			buildSettings = {
				ALWAYS_SEARCH_USER_PATHS = NO;
				CLANG_ANALYZER_NONNULL = YES;
				CLANG_ANALYZER_NUMBER_OBJECT_CONVERSION = YES_AGGRESSIVE;
				CLANG_CXX_LANGUAGE_STANDARD = "gnu++14";
				CLANG_CXX_LIBRARY = "libc++";
				CLANG_ENABLE_MODULES = YES;
				CLANG_ENABLE_OBJC_ARC = YES;
				CLANG_ENABLE_OBJC_WEAK = YES;
				CLANG_WARN_BLOCK_CAPTURE_AUTORELEASING = YES;
				CLANG_WARN_BOOL_CONVERSION = YES;
				CLANG_WARN_COMMA = YES;
				CLANG_WARN_CONSTANT_CONVERSION = YES;
				CLANG_WARN_DEPRECATED_OBJC_IMPLEMENTATIONS = YES;
				CLANG_WARN_DIRECT_OBJC_ISA_USAGE = YES_ERROR;
				CLANG_WARN_DOCUMENTATION_COMMENTS = YES;
				CLANG_WARN_EMPTY_BODY = YES;
				CLANG_WARN_ENUM_CONVERSION = YES;
				CLANG_WARN_INFINITE_RECURSION = YES;
				CLANG_WARN_INT_CONVERSION = YES;
				CLANG_WARN_NON_LITERAL_NULL_CONVERSION = YES;
				CLANG_WARN_OBJC_IMPLICIT_RETAIN_SELF = YES;
				CLANG_WARN_OBJC_LITERAL_CONVERSION = YES;
				CLANG_WARN_OBJC_ROOT_CLASS = YES_ERROR;
				CLANG_WARN_RANGE_LOOP_ANALYSIS = YES;
				CLANG_WARN_STRICT_PROTOTYPES = YES;
				CLANG_WARN_SUSPICIOUS_MOVE = YES;
				CLANG_WARN_UNGUARDED_AVAILABILITY = YES_AGGRESSIVE;
				CLANG_WARN_UNREACHABLE_CODE = YES;
				CLANG_WARN__DUPLICATE_METHOD_MATCH = YES;
				CODE_SIGN_IDENTITY = "iPhone Developer";
				COPY_PHASE_STRIP = NO;
				DEBUG_INFORMATION_FORMAT = dwarf;
				ENABLE_STRICT_OBJC_MSGSEND = YES;
				ENABLE_TESTABILITY = YES;
				GCC_C_LANGUAGE_STANDARD = gnu11;
				GCC_DYNAMIC_NO_PIC = NO;
				GCC_NO_COMMON_BLOCKS = YES;
				GCC_OPTIMIZATION_LEVEL = 0;
				GCC_PREPROCESSOR_DEFINITIONS = (
					"DEBUG=1",
					"$(inherited)",
				);
				GCC_WARN_64_TO_32_BIT_CONVERSION = YES;
				GCC_WARN_ABOUT_RETURN_TYPE = YES_ERROR;
				GCC_WARN_UNDECLARED_SELECTOR = YES;
				GCC_WARN_UNINITIALIZED_AUTOS = YES_AGGRESSIVE;
				GCC_WARN_UNUSED_FUNCTION = YES;
				GCC_WARN_UNUSED_VARIABLE = YES;
				IPHONEOS_DEPLOYMENT_TARGET = 12.1;
				MTL_ENABLE_DEBUG_INFO = INCLUDE_SOURCE;
				MTL_FAST_MATH = YES;
				ONLY_ACTIVE_ARCH = YES;
				SDKROOT = iphoneos;
			};
			name = Debug;
		};
		3DC2EB8321A693BA0073225F /* Release */ = {
			isa = XCBuildConfiguration;
			buildSettings = {
				ALWAYS_SEARCH_USER_PATHS = NO;
				CLANG_ANALYZER_NONNULL = YES;
				CLANG_ANALYZER_NUMBER_OBJECT_CONVERSION = YES_AGGRESSIVE;
				CLANG_CXX_LANGUAGE_STANDARD = "gnu++14";
				CLANG_CXX_LIBRARY = "libc++";
				CLANG_ENABLE_MODULES = YES;
				CLANG_ENABLE_OBJC_ARC = YES;
				CLANG_ENABLE_OBJC_WEAK = YES;
				CLANG_WARN_BLOCK_CAPTURE_AUTORELEASING = YES;
				CLANG_WARN_BOOL_CONVERSION = YES;
				CLANG_WARN_COMMA = YES;
				CLANG_WARN_CONSTANT_CONVERSION = YES;
				CLANG_WARN_DEPRECATED_OBJC_IMPLEMENTATIONS = YES;
				CLANG_WARN_DIRECT_OBJC_ISA_USAGE = YES_ERROR;
				CLANG_WARN_DOCUMENTATION_COMMENTS = YES;
				CLANG_WARN_EMPTY_BODY = YES;
				CLANG_WARN_ENUM_CONVERSION = YES;
				CLANG_WARN_INFINITE_RECURSION = YES;
				CLANG_WARN_INT_CONVERSION = YES;
				CLANG_WARN_NON_LITERAL_NULL_CONVERSION = YES;
				CLANG_WARN_OBJC_IMPLICIT_RETAIN_SELF = YES;
				CLANG_WARN_OBJC_LITERAL_CONVERSION = YES;
				CLANG_WARN_OBJC_ROOT_CLASS = YES_ERROR;
				CLANG_WARN_RANGE_LOOP_ANALYSIS = YES;
				CLANG_WARN_STRICT_PROTOTYPES = YES;
				CLANG_WARN_SUSPICIOUS_MOVE = YES;
				CLANG_WARN_UNGUARDED_AVAILABILITY = YES_AGGRESSIVE;
				CLANG_WARN_UNREACHABLE_CODE = YES;
				CLANG_WARN__DUPLICATE_METHOD_MATCH = YES;
				CODE_SIGN_IDENTITY = "iPhone Developer";
				COPY_PHASE_STRIP = NO;
				DEBUG_INFORMATION_FORMAT = "dwarf-with-dsym";
				ENABLE_NS_ASSERTIONS = NO;
				ENABLE_STRICT_OBJC_MSGSEND = YES;
				GCC_C_LANGUAGE_STANDARD = gnu11;
				GCC_NO_COMMON_BLOCKS = YES;
				GCC_WARN_64_TO_32_BIT_CONVERSION = YES;
				GCC_WARN_ABOUT_RETURN_TYPE = YES_ERROR;
				GCC_WARN_UNDECLARED_SELECTOR = YES;
				GCC_WARN_UNINITIALIZED_AUTOS = YES_AGGRESSIVE;
				GCC_WARN_UNUSED_FUNCTION = YES;
				GCC_WARN_UNUSED_VARIABLE = YES;
				IPHONEOS_DEPLOYMENT_TARGET = 12.1;
				MTL_ENABLE_DEBUG_INFO = NO;
				MTL_FAST_MATH = YES;
				SDKROOT = iphoneos;
				VALIDATE_PRODUCT = YES;
			};
			name = Release;
		};
		3DC2EB8521A693BA0073225F /* Debug */ = {
			isa = XCBuildConfiguration;
			baseConfigurationReference = 06710A2DF43396F7993CA473 /* Pods-Example-Objc.debug.xcconfig */;
			buildSettings = {
				ALWAYS_EMBED_SWIFT_STANDARD_LIBRARIES = YES;
				ASSETCATALOG_COMPILER_APPICON_NAME = AppIcon;
				CODE_SIGN_STYLE = Manual;
				DEVELOPMENT_TEAM = QG8KA4P8TE;
				INFOPLIST_FILE = "Example-Objc/Info.plist";
				LD_RUNPATH_SEARCH_PATHS = (
					"$(inherited)",
					"@executable_path/Frameworks",
				);
				PRODUCT_BUNDLE_IDENTIFIER = "com.qiscusdev..Example-Objc";
				PRODUCT_NAME = "$(TARGET_NAME)";
				PROVISIONING_PROFILE_SPECIFIER = QiscusDev;
				TARGETED_DEVICE_FAMILY = "1,2";
			};
			name = Debug;
		};
		3DC2EB8621A693BA0073225F /* Release */ = {
			isa = XCBuildConfiguration;
			baseConfigurationReference = 7A9C7AB7DD6103724F977619 /* Pods-Example-Objc.release.xcconfig */;
			buildSettings = {
				ALWAYS_EMBED_SWIFT_STANDARD_LIBRARIES = YES;
				ASSETCATALOG_COMPILER_APPICON_NAME = AppIcon;
				CODE_SIGN_STYLE = Manual;
				DEVELOPMENT_TEAM = "";
				INFOPLIST_FILE = "Example-Objc/Info.plist";
				LD_RUNPATH_SEARCH_PATHS = (
					"$(inherited)",
					"@executable_path/Frameworks",
				);
				PRODUCT_BUNDLE_IDENTIFIER = "com.qiscusdev..Example-Objc";
				PRODUCT_NAME = "$(TARGET_NAME)";
				PROVISIONING_PROFILE_SPECIFIER = "";
				TARGETED_DEVICE_FAMILY = "1,2";
			};
			name = Release;
		};
		3DC2EB9521A69DA50073225F /* Debug */ = {
			isa = XCBuildConfiguration;
			buildSettings = {
				CODE_SIGN_IDENTITY = "";
				CODE_SIGN_STYLE = Manual;
				CURRENT_PROJECT_VERSION = 1;
				DEFINES_MODULE = YES;
				DEVELOPMENT_TEAM = "";
				DYLIB_COMPATIBILITY_VERSION = 1;
				DYLIB_CURRENT_VERSION = 1;
				DYLIB_INSTALL_NAME_BASE = "@rpath";
				INFOPLIST_FILE = MyChat/Info.plist;
				INSTALL_PATH = "$(LOCAL_LIBRARY_DIR)/Frameworks";
				LD_RUNPATH_SEARCH_PATHS = (
					"$(inherited)",
					"@executable_path/Frameworks",
					"@loader_path/Frameworks",
				);
				PRODUCT_BUNDLE_IDENTIFIER = com.qiscusdev..MyChat;
				PRODUCT_NAME = "$(TARGET_NAME:c99extidentifier)";
				PROVISIONING_PROFILE_SPECIFIER = "";
				SKIP_INSTALL = YES;
				SWIFT_ACTIVE_COMPILATION_CONDITIONS = DEBUG;
				SWIFT_OPTIMIZATION_LEVEL = "-Onone";
				SWIFT_VERSION = 4.2;
				TARGETED_DEVICE_FAMILY = "1,2";
				VERSIONING_SYSTEM = "apple-generic";
				VERSION_INFO_PREFIX = "";
			};
			name = Debug;
		};
		3DC2EB9621A69DA50073225F /* Release */ = {
			isa = XCBuildConfiguration;
			buildSettings = {
				CODE_SIGN_IDENTITY = "";
				CODE_SIGN_STYLE = Manual;
				CURRENT_PROJECT_VERSION = 1;
				DEFINES_MODULE = YES;
				DEVELOPMENT_TEAM = "";
				DYLIB_COMPATIBILITY_VERSION = 1;
				DYLIB_CURRENT_VERSION = 1;
				DYLIB_INSTALL_NAME_BASE = "@rpath";
				INFOPLIST_FILE = MyChat/Info.plist;
				INSTALL_PATH = "$(LOCAL_LIBRARY_DIR)/Frameworks";
				LD_RUNPATH_SEARCH_PATHS = (
					"$(inherited)",
					"@executable_path/Frameworks",
					"@loader_path/Frameworks",
				);
				PRODUCT_BUNDLE_IDENTIFIER = com.qiscusdev..MyChat;
				PRODUCT_NAME = "$(TARGET_NAME:c99extidentifier)";
				PROVISIONING_PROFILE_SPECIFIER = "";
				SKIP_INSTALL = YES;
				SWIFT_COMPILATION_MODE = wholemodule;
				SWIFT_OPTIMIZATION_LEVEL = "-O";
				SWIFT_VERSION = 4.2;
				TARGETED_DEVICE_FAMILY = "1,2";
				VERSIONING_SYSTEM = "apple-generic";
				VERSION_INFO_PREFIX = "";
			};
			name = Release;
		};
/* End XCBuildConfiguration section */

/* Begin XCConfigurationList section */
		3DC2EB6921A693B40073225F /* Build configuration list for PBXProject "Example-Objc" */ = {
			isa = XCConfigurationList;
			buildConfigurations = (
				3DC2EB8221A693BA0073225F /* Debug */,
				3DC2EB8321A693BA0073225F /* Release */,
			);
			defaultConfigurationIsVisible = 0;
			defaultConfigurationName = Release;
		};
		3DC2EB8421A693BA0073225F /* Build configuration list for PBXNativeTarget "Example-Objc" */ = {
			isa = XCConfigurationList;
			buildConfigurations = (
				3DC2EB8521A693BA0073225F /* Debug */,
				3DC2EB8621A693BA0073225F /* Release */,
			);
			defaultConfigurationIsVisible = 0;
			defaultConfigurationName = Release;
		};
		3DC2EB9721A69DA50073225F /* Build configuration list for PBXNativeTarget "MyChat" */ = {
			isa = XCConfigurationList;
			buildConfigurations = (
				3DC2EB9521A69DA50073225F /* Debug */,
				3DC2EB9621A69DA50073225F /* Release */,
			);
			defaultConfigurationIsVisible = 0;
			defaultConfigurationName = Release;
		};
/* End XCConfigurationList section */
	};
	rootObject = 3DC2EB6621A693B40073225F /* Project object */;
}
